// !$*UTF8*$!
{
	archiveVersion = 1;
	classes = {
	};
	objectVersion = 50;
	objects = {

/* Begin PBXBuildFile section */
		2D3F2FD42552D21C00D44819 /* AppDelegate.swift in Sources */ = {isa = PBXBuildFile; fileRef = 2D3F2FD32552D21C00D44819 /* AppDelegate.swift */; };
		2D3F2FD62552D21C00D44819 /* SceneDelegate.swift in Sources */ = {isa = PBXBuildFile; fileRef = 2D3F2FD52552D21C00D44819 /* SceneDelegate.swift */; };
		2D3F2FD82552D21C00D44819 /* PaletteController.swift in Sources */ = {isa = PBXBuildFile; fileRef = 2D3F2FD72552D21C00D44819 /* PaletteController.swift */; };
		2D3F2FDD2552D22300D44819 /* Assets.xcassets in Resources */ = {isa = PBXBuildFile; fileRef = 2D3F2FDC2552D22300D44819 /* Assets.xcassets */; };
		2D3F2FE02552D22300D44819 /* LaunchScreen.storyboard in Resources */ = {isa = PBXBuildFile; fileRef = 2D3F2FDE2552D22300D44819 /* LaunchScreen.storyboard */; };
		2D3F2FEA2552D57B00D44819 /* PaletteView.swift in Sources */ = {isa = PBXBuildFile; fileRef = 2D3F2FE92552D57B00D44819 /* PaletteView.swift */; };
		2D3F2FF12552E44F00D44819 /* SignUoController.swift in Sources */ = {isa = PBXBuildFile; fileRef = 2D3F2FF02552E44F00D44819 /* SignUoController.swift */; };
		2D3F2FF32552E46400D44819 /* SignUpView.swift in Sources */ = {isa = PBXBuildFile; fileRef = 2D3F2FF22552E46400D44819 /* SignUpView.swift */; };
		2D3F2FF52553036C00D44819 /* PickerDataSource.swift in Sources */ = {isa = PBXBuildFile; fileRef = 2D3F2FF42553036C00D44819 /* PickerDataSource.swift */; };
/* End PBXBuildFile section */

/* Begin PBXFileReference section */
		2D3F2FD02552D21C00D44819 /* rgb color palette.app */ = {isa = PBXFileReference; explicitFileType = wrapper.application; includeInIndex = 0; path = "rgb color palette.app"; sourceTree = BUILT_PRODUCTS_DIR; };
		2D3F2FD32552D21C00D44819 /* AppDelegate.swift */ = {isa = PBXFileReference; lastKnownFileType = sourcecode.swift; path = AppDelegate.swift; sourceTree = "<group>"; };
		2D3F2FD52552D21C00D44819 /* SceneDelegate.swift */ = {isa = PBXFileReference; lastKnownFileType = sourcecode.swift; path = SceneDelegate.swift; sourceTree = "<group>"; };
		2D3F2FD72552D21C00D44819 /* PaletteController.swift */ = {isa = PBXFileReference; lastKnownFileType = sourcecode.swift; path = PaletteController.swift; sourceTree = "<group>"; };
		2D3F2FDC2552D22300D44819 /* Assets.xcassets */ = {isa = PBXFileReference; lastKnownFileType = folder.assetcatalog; path = Assets.xcassets; sourceTree = "<group>"; };
		2D3F2FDF2552D22300D44819 /* Base */ = {isa = PBXFileReference; lastKnownFileType = file.storyboard; name = Base; path = Base.lproj/LaunchScreen.storyboard; sourceTree = "<group>"; };
		2D3F2FE12552D22300D44819 /* Info.plist */ = {isa = PBXFileReference; lastKnownFileType = text.plist.xml; path = Info.plist; sourceTree = "<group>"; };
		2D3F2FE92552D57B00D44819 /* PaletteView.swift */ = {isa = PBXFileReference; lastKnownFileType = sourcecode.swift; path = PaletteView.swift; sourceTree = "<group>"; };
		2D3F2FF02552E44F00D44819 /* SignUoController.swift */ = {isa = PBXFileReference; lastKnownFileType = sourcecode.swift; path = SignUoController.swift; sourceTree = "<group>"; };
		2D3F2FF22552E46400D44819 /* SignUpView.swift */ = {isa = PBXFileReference; lastKnownFileType = sourcecode.swift; path = SignUpView.swift; sourceTree = "<group>"; };
		2D3F2FF42553036C00D44819 /* PickerDataSource.swift */ = {isa = PBXFileReference; lastKnownFileType = sourcecode.swift; path = PickerDataSource.swift; sourceTree = "<group>"; };
/* End PBXFileReference section */

/* Begin PBXFrameworksBuildPhase section */
		2D3F2FCD2552D21C00D44819 /* Frameworks */ = {
			isa = PBXFrameworksBuildPhase;
			buildActionMask = 2147483647;
			files = (
			);
			runOnlyForDeploymentPostprocessing = 0;
		};
/* End PBXFrameworksBuildPhase section */

/* Begin PBXGroup section */
		2D3F2FC72552D21B00D44819 = {
			isa = PBXGroup;
			children = (
				2D3F2FD22552D21C00D44819 /* rgb color palette */,
				2D3F2FD12552D21C00D44819 /* Products */,
			);
			sourceTree = "<group>";
		};
		2D3F2FD12552D21C00D44819 /* Products */ = {
			isa = PBXGroup;
			children = (
				2D3F2FD02552D21C00D44819 /* rgb color palette.app */,
			);
			name = Products;
			sourceTree = "<group>";
		};
		2D3F2FD22552D21C00D44819 /* rgb color palette */ = {
			isa = PBXGroup;
			children = (
				2D3F2FD32552D21C00D44819 /* AppDelegate.swift */,
				2D3F2FD52552D21C00D44819 /* SceneDelegate.swift */,
				2D3F2FEC2552E2F700D44819 /* SignUpScreen */,
				2D3F2FEB2552E2E100D44819 /* PaletteScreen */,
				2D3F2FDC2552D22300D44819 /* Assets.xcassets */,
				2D3F2FDE2552D22300D44819 /* LaunchScreen.storyboard */,
				2D3F2FE12552D22300D44819 /* Info.plist */,
			);
			path = "rgb color palette";
			sourceTree = "<group>";
		};
		2D3F2FE72552D55500D44819 /* Controller */ = {
			isa = PBXGroup;
			children = (
				2D3F2FD72552D21C00D44819 /* PaletteController.swift */,
			);
			path = Controller;
			sourceTree = "<group>";
		};
		2D3F2FE82552D56000D44819 /* View */ = {
			isa = PBXGroup;
			children = (
				2D3F2FE92552D57B00D44819 /* PaletteView.swift */,
			);
			path = View;
			sourceTree = "<group>";
		};
		2D3F2FEB2552E2E100D44819 /* PaletteScreen */ = {
			isa = PBXGroup;
			children = (
				2D3F2FE72552D55500D44819 /* Controller */,
				2D3F2FE82552D56000D44819 /* View */,
			);
			path = PaletteScreen;
			sourceTree = "<group>";
		};
		2D3F2FEC2552E2F700D44819 /* SignUpScreen */ = {
			isa = PBXGroup;
			children = (
				2D3F2FF42553036C00D44819 /* PickerDataSource.swift */,
				2D3F2FED2552E41100D44819 /* Controller */,
				2D3F2FEE2552E41900D44819 /* View */,
			);
			path = SignUpScreen;
			sourceTree = "<group>";
		};
		2D3F2FED2552E41100D44819 /* Controller */ = {
			isa = PBXGroup;
			children = (
				2D3F2FF02552E44F00D44819 /* SignUoController.swift */,
			);
			path = Controller;
			sourceTree = "<group>";
		};
		2D3F2FEE2552E41900D44819 /* View */ = {
			isa = PBXGroup;
			children = (
				2D3F2FF22552E46400D44819 /* SignUpView.swift */,
			);
			path = View;
			sourceTree = "<group>";
		};
/* End PBXGroup section */

/* Begin PBXNativeTarget section */
		2D3F2FCF2552D21C00D44819 /* rgb color palette */ = {
			isa = PBXNativeTarget;
			buildConfigurationList = 2D3F2FE42552D22300D44819 /* Build configuration list for PBXNativeTarget "rgb color palette" */;
			buildPhases = (
				2D3F2FCC2552D21C00D44819 /* Sources */,
				2D3F2FCD2552D21C00D44819 /* Frameworks */,
				2D3F2FCE2552D21C00D44819 /* Resources */,
			);
			buildRules = (
			);
			dependencies = (
			);
			name = "rgb color palette";
			productName = "rgb color palette";
			productReference = 2D3F2FD02552D21C00D44819 /* rgb color palette.app */;
			productType = "com.apple.product-type.application";
		};
/* End PBXNativeTarget section */

/* Begin PBXProject section */
		2D3F2FC82552D21B00D44819 /* Project object */ = {
			isa = PBXProject;
			attributes = {
				LastSwiftUpdateCheck = 1130;
				LastUpgradeCheck = 1240;
				ORGANIZATIONNAME = maks;
				TargetAttributes = {
					2D3F2FCF2552D21C00D44819 = {
						CreatedOnToolsVersion = 11.3.1;
					};
				};
			};
			buildConfigurationList = 2D3F2FCB2552D21B00D44819 /* Build configuration list for PBXProject "rgb color palette" */;
			compatibilityVersion = "Xcode 9.3";
			developmentRegion = en;
			hasScannedForEncodings = 0;
			knownRegions = (
				en,
				Base,
			);
			mainGroup = 2D3F2FC72552D21B00D44819;
			productRefGroup = 2D3F2FD12552D21C00D44819 /* Products */;
			projectDirPath = "";
			projectRoot = "";
			targets = (
				2D3F2FCF2552D21C00D44819 /* rgb color palette */,
			);
		};
/* End PBXProject section */

/* Begin PBXResourcesBuildPhase section */
		2D3F2FCE2552D21C00D44819 /* Resources */ = {
			isa = PBXResourcesBuildPhase;
			buildActionMask = 2147483647;
			files = (
				2D3F2FE02552D22300D44819 /* LaunchScreen.storyboard in Resources */,
				2D3F2FDD2552D22300D44819 /* Assets.xcassets in Resources */,
			);
			runOnlyForDeploymentPostprocessing = 0;
		};
/* End PBXResourcesBuildPhase section */

/* Begin PBXSourcesBuildPhase section */
		2D3F2FCC2552D21C00D44819 /* Sources */ = {
			isa = PBXSourcesBuildPhase;
			buildActionMask = 2147483647;
			files = (
				2D3F2FEA2552D57B00D44819 /* PaletteView.swift in Sources */,
				2D3F2FD82552D21C00D44819 /* PaletteController.swift in Sources */,
				2D3F2FF12552E44F00D44819 /* SignUoController.swift in Sources */,
				2D3F2FD42552D21C00D44819 /* AppDelegate.swift in Sources */,
				2D3F2FF32552E46400D44819 /* SignUpView.swift in Sources */,
				2D3F2FF52553036C00D44819 /* PickerDataSource.swift in Sources */,
				2D3F2FD62552D21C00D44819 /* SceneDelegate.swift in Sources */,
			);
			runOnlyForDeploymentPostprocessing = 0;
		};
/* End PBXSourcesBuildPhase section */

/* Begin PBXVariantGroup section */
		2D3F2FDE2552D22300D44819 /* LaunchScreen.storyboard */ = {
			isa = PBXVariantGroup;
			children = (
				2D3F2FDF2552D22300D44819 /* Base */,
			);
			name = LaunchScreen.storyboard;
			sourceTree = "<group>";
		};
/* End PBXVariantGroup section */

/* Begin XCBuildConfiguration section */
		2D3F2FE22552D22300D44819 /* Debug */ = {
			isa = XCBuildConfiguration;
			buildSettings = {
				ALWAYS_SEARCH_USER_PATHS = NO;
				CLANG_ANALYZER_NONNULL = YES;
				CLANG_ANALYZER_NUMBER_OBJECT_CONVERSION = YES_AGGRESSIVE;
				CLANG_CXX_LANGUAGE_STANDARD = "gnu++14";
				CLANG_CXX_LIBRARY = "libc++";
				CLANG_ENABLE_MODULES = YES;
				CLANG_ENABLE_OBJC_ARC = YES;
				CLANG_ENABLE_OBJC_WEAK = YES;
				CLANG_WARN_BLOCK_CAPTURE_AUTORELEASING = YES;
				CLANG_WARN_BOOL_CONVERSION = YES;
				CLANG_WARN_COMMA = YES;
				CLANG_WARN_CONSTANT_CONVERSION = YES;
				CLANG_WARN_DEPRECATED_OBJC_IMPLEMENTATIONS = YES;
				CLANG_WARN_DIRECT_OBJC_ISA_USAGE = YES_ERROR;
				CLANG_WARN_DOCUMENTATION_COMMENTS = YES;
				CLANG_WARN_EMPTY_BODY = YES;
				CLANG_WARN_ENUM_CONVERSION = YES;
				CLANG_WARN_INFINITE_RECURSION = YES;
				CLANG_WARN_INT_CONVERSION = YES;
				CLANG_WARN_NON_LITERAL_NULL_CONVERSION = YES;
				CLANG_WARN_OBJC_IMPLICIT_RETAIN_SELF = YES;
				CLANG_WARN_OBJC_LITERAL_CONVERSION = YES;
				CLANG_WARN_OBJC_ROOT_CLASS = YES_ERROR;
				CLANG_WARN_QUOTED_INCLUDE_IN_FRAMEWORK_HEADER = YES;
				CLANG_WARN_RANGE_LOOP_ANALYSIS = YES;
				CLANG_WARN_STRICT_PROTOTYPES = YES;
				CLANG_WARN_SUSPICIOUS_MOVE = YES;
				CLANG_WARN_UNGUARDED_AVAILABILITY = YES_AGGRESSIVE;
				CLANG_WARN_UNREACHABLE_CODE = YES;
				CLANG_WARN__DUPLICATE_METHOD_MATCH = YES;
				COPY_PHASE_STRIP = NO;
				DEBUG_INFORMATION_FORMAT = dwarf;
				ENABLE_STRICT_OBJC_MSGSEND = YES;
				ENABLE_TESTABILITY = YES;
				GCC_C_LANGUAGE_STANDARD = gnu11;
				GCC_DYNAMIC_NO_PIC = NO;
				GCC_NO_COMMON_BLOCKS = YES;
				GCC_OPTIMIZATION_LEVEL = 0;
				GCC_PREPROCESSOR_DEFINITIONS = (
					"DEBUG=1",
					"$(inherited)",
				);
				GCC_WARN_64_TO_32_BIT_CONVERSION = YES;
				GCC_WARN_ABOUT_RETURN_TYPE = YES_ERROR;
				GCC_WARN_UNDECLARED_SELECTOR = YES;
				GCC_WARN_UNINITIALIZED_AUTOS = YES_AGGRESSIVE;
				GCC_WARN_UNUSED_FUNCTION = YES;
				GCC_WARN_UNUSED_VARIABLE = YES;
				IPHONEOS_DEPLOYMENT_TARGET = 13.2;
				MTL_ENABLE_DEBUG_INFO = INCLUDE_SOURCE;
				MTL_FAST_MATH = YES;
				ONLY_ACTIVE_ARCH = YES;
				SDKROOT = iphoneos;
				SWIFT_ACTIVE_COMPILATION_CONDITIONS = DEBUG;
				SWIFT_OPTIMIZATION_LEVEL = "-Onone";
			};
			name = Debug;
		};
		2D3F2FE32552D22300D44819 /* Release */ = {
			isa = XCBuildConfiguration;
			buildSettings = {
				ALWAYS_SEARCH_USER_PATHS = NO;
				CLANG_ANALYZER_NONNULL = YES;
				CLANG_ANALYZER_NUMBER_OBJECT_CONVERSION = YES_AGGRESSIVE;
				CLANG_CXX_LANGUAGE_STANDARD = "gnu++14";
				CLANG_CXX_LIBRARY = "libc++";
				CLANG_ENABLE_MODULES = YES;
				CLANG_ENABLE_OBJC_ARC = YES;
				CLANG_ENABLE_OBJC_WEAK = YES;
				CLANG_WARN_BLOCK_CAPTURE_AUTORELEASING = YES;
				CLANG_WARN_BOOL_CONVERSION = YES;
				CLANG_WARN_COMMA = YES;
				CLANG_WARN_CONSTANT_CONVERSION = YES;
				CLANG_WARN_DEPRECATED_OBJC_IMPLEMENTATIONS = YES;
				CLANG_WARN_DIRECT_OBJC_ISA_USAGE = YES_ERROR;
				CLANG_WARN_DOCUMENTATION_COMMENTS = YES;
				CLANG_WARN_EMPTY_BODY = YES;
				CLANG_WARN_ENUM_CONVERSION = YES;
				CLANG_WARN_INFINITE_RECURSION = YES;
				CLANG_WARN_INT_CONVERSION = YES;
				CLANG_WARN_NON_LITERAL_NULL_CONVERSION = YES;
				CLANG_WARN_OBJC_IMPLICIT_RETAIN_SELF = YES;
				CLANG_WARN_OBJC_LITERAL_CONVERSION = YES;
				CLANG_WARN_OBJC_ROOT_CLASS = YES_ERROR;
				CLANG_WARN_QUOTED_INCLUDE_IN_FRAMEWORK_HEADER = YES;
				CLANG_WARN_RANGE_LOOP_ANALYSIS = YES;
				CLANG_WARN_STRICT_PROTOTYPES = YES;
				CLANG_WARN_SUSPICIOUS_MOVE = YES;
				CLANG_WARN_UNGUARDED_AVAILABILITY = YES_AGGRESSIVE;
				CLANG_WARN_UNREACHABLE_CODE = YES;
				CLANG_WARN__DUPLICATE_METHOD_MATCH = YES;
				COPY_PHASE_STRIP = NO;
				DEBUG_INFORMATION_FORMAT = "dwarf-with-dsym";
				ENABLE_NS_ASSERTIONS = NO;
				ENABLE_STRICT_OBJC_MSGSEND = YES;
				GCC_C_LANGUAGE_STANDARD = gnu11;
				GCC_NO_COMMON_BLOCKS = YES;
				GCC_WARN_64_TO_32_BIT_CONVERSION = YES;
				GCC_WARN_ABOUT_RETURN_TYPE = YES_ERROR;
				GCC_WARN_UNDECLARED_SELECTOR = YES;
				GCC_WARN_UNINITIALIZED_AUTOS = YES_AGGRESSIVE;
				GCC_WARN_UNUSED_FUNCTION = YES;
				GCC_WARN_UNUSED_VARIABLE = YES;
				IPHONEOS_DEPLOYMENT_TARGET = 13.2;
				MTL_ENABLE_DEBUG_INFO = NO;
				MTL_FAST_MATH = YES;
				SDKROOT = iphoneos;
				SWIFT_COMPILATION_MODE = wholemodule;
				SWIFT_OPTIMIZATION_LEVEL = "-O";
				VALIDATE_PRODUCT = YES;
			};
			name = Release;
		};
		2D3F2FE52552D22300D44819 /* Debug */ = {
			isa = XCBuildConfiguration;
			buildSettings = {
				ASSETCATALOG_COMPILER_APPICON_NAME = AppIcon;
				CODE_SIGN_STYLE = Automatic;
				DEVELOPMENT_TEAM = F4698G65QQ;
				INFOPLIST_FILE = "rgb color palette/Info.plist";
				LD_RUNPATH_SEARCH_PATHS = (
					"$(inherited)",
					"@executable_path/Frameworks",
				);
				PRODUCT_BUNDLE_IDENTIFIER = "MM.rgb-color-palette";
				PRODUCT_NAME = "$(TARGET_NAME)";
				SWIFT_VERSION = 5.0;
				TARGETED_DEVICE_FAMILY = "1,2";
			};
			name = Debug;
		};
		2D3F2FE62552D22300D44819 /* Release */ = {
			isa = XCBuildConfiguration;
			buildSettings = {
				ASSETCATALOG_COMPILER_APPICON_NAME = AppIcon;
				CODE_SIGN_STYLE = Automatic;
				DEVELOPMENT_TEAM = F4698G65QQ;
				INFOPLIST_FILE = "rgb color palette/Info.plist";
				LD_RUNPATH_SEARCH_PATHS = (
					"$(inherited)",
					"@executable_path/Frameworks",
				);
				PRODUCT_BUNDLE_IDENTIFIER = "MM.rgb-color-palette";
				PRODUCT_NAME = "$(TARGET_NAME)";
				SWIFT_VERSION = 5.0;
				TARGETED_DEVICE_FAMILY = "1,2";
			};
			name = Release;
		};
/* End XCBuildConfiguration section */

/* Begin XCConfigurationList section */
		2D3F2FCB2552D21B00D44819 /* Build configuration list for PBXProject "rgb color palette" */ = {
			isa = XCConfigurationList;
			buildConfigurations = (
				2D3F2FE22552D22300D44819 /* Debug */,
				2D3F2FE32552D22300D44819 /* Release */,
			);
			defaultConfigurationIsVisible = 0;
			defaultConfigurationName = Release;
		};
		2D3F2FE42552D22300D44819 /* Build configuration list for PBXNativeTarget "rgb color palette" */ = {
			isa = XCConfigurationList;
			buildConfigurations = (
				2D3F2FE52552D22300D44819 /* Debug */,
				2D3F2FE62552D22300D44819 /* Release */,
			);
			defaultConfigurationIsVisible = 0;
			defaultConfigurationName = Release;
		};
/* End XCConfigurationList section */
	};
	rootObject = 2D3F2FC82552D21B00D44819 /* Project object */;
}
